{
  "version": 4,
  "terraform_version": "1.5.7",
  "serial": 9,
  "lineage": "06f39b43-74f5-d4f2-327d-260cf2751d95",
  "outputs": {},
  "resources": [
    {
      "mode": "managed",
      "type": "azurerm_resource_group",
      "name": "rg",
      "provider": "provider[\"registry.terraform.io/hashicorp/azurerm\"]",
      "instances": [
        {
          "schema_version": 0,
          "attributes": {
            "id": "/subscriptions/f81e70a7-e819-49b2-a980-8e9c433743dd/resourceGroups/kmz-app-rg-dev",
            "location": "westeurope",
            "managed_by": "",
            "name": "kmz-app-rg-dev",
            "tags": {},
            "timeouts": null
          },
          "sensitive_attributes": [],
          "private": "eyJlMmJmYjczMC1lY2FhLTExZTYtOGY4OC0zNDM2M2JjN2M0YzAiOnsiY3JlYXRlIjo1NDAwMDAwMDAwMDAwLCJkZWxldGUiOjU0MDAwMDAwMDAwMDAsInJlYWQiOjMwMDAwMDAwMDAwMCwidXBkYXRlIjo1NDAwMDAwMDAwMDAwfX0=",
          "dependencies": [
            "module.naming.random_string.first_letter",
            "module.naming.random_string.main"
          ]
        }
      ]
    },
    {
      "mode": "managed",
      "type": "azurerm_storage_account",
      "name": "sa",
      "provider": "provider[\"registry.terraform.io/hashicorp/azurerm\"]",
      "instances": [
        {
          "schema_version": 4,
          "attributes": {
            "access_tier": "Hot",
            "account_kind": "StorageV2",
            "account_replication_type": "LRS",
            "account_tier": "Standard",
            "allow_nested_items_to_be_public": true,
            "allowed_copy_scope": "",
            "azure_files_authentication": [],
            "blob_properties": [
              {
                "change_feed_enabled": false,
                "change_feed_retention_in_days": 0,
                "container_delete_retention_policy": [],
                "cors_rule": [],
                "default_service_version": "",
                "delete_retention_policy": [],
                "last_access_time_enabled": false,
                "restore_policy": [],
                "versioning_enabled": false
              }
            ],
            "cross_tenant_replication_enabled": true,
            "custom_domain": [],
            "customer_managed_key": [],
            "default_to_oauth_authentication": false,
            "edge_zone": "",
            "enable_https_traffic_only": true,
            "id": "/subscriptions/f81e70a7-e819-49b2-a980-8e9c433743dd/resourceGroups/kmz-app-rg-dev/providers/Microsoft.Storage/storageAccounts/kmzappstdev",
            "identity": [],
            "immutability_policy": [],
            "infrastructure_encryption_enabled": false,
            "is_hns_enabled": false,
            "large_file_share_enabled": null,
            "location": "westeurope",
            "min_tls_version": "TLS1_2",
            "name": "kmzappstdev",
            "network_rules": [
              {
                "bypass": [
                  "AzureServices"
                ],
                "default_action": "Allow",
                "ip_rules": [],
                "private_link_access": [],
                "virtual_network_subnet_ids": []
              }
            ],
            "nfsv3_enabled": false,
            "primary_access_key": "XT/PdukY0Ss7sbJSBN0HVjudyLe7Ba89pDcFb0bRgJB8d4LhLS9zz0g3QQsY0nJNTysCSJ3eBHdr+AStinly4A==",
            "primary_blob_connection_string": "DefaultEndpointsProtocol=https;BlobEndpoint=https://kmzappstdev.blob.core.windows.net/;AccountName=kmzappstdev;AccountKey=XT/PdukY0Ss7sbJSBN0HVjudyLe7Ba89pDcFb0bRgJB8d4LhLS9zz0g3QQsY0nJNTysCSJ3eBHdr+AStinly4A==",
            "primary_blob_endpoint": "https://kmzappstdev.blob.core.windows.net/",
            "primary_blob_host": "kmzappstdev.blob.core.windows.net",
            "primary_connection_string": "DefaultEndpointsProtocol=https;AccountName=kmzappstdev;AccountKey=XT/PdukY0Ss7sbJSBN0HVjudyLe7Ba89pDcFb0bRgJB8d4LhLS9zz0g3QQsY0nJNTysCSJ3eBHdr+AStinly4A==;EndpointSuffix=core.windows.net",
            "primary_dfs_endpoint": "https://kmzappstdev.dfs.core.windows.net/",
            "primary_dfs_host": "kmzappstdev.dfs.core.windows.net",
            "primary_file_endpoint": "https://kmzappstdev.file.core.windows.net/",
            "primary_file_host": "kmzappstdev.file.core.windows.net",
            "primary_location": "westeurope",
            "primary_queue_endpoint": "https://kmzappstdev.queue.core.windows.net/",
            "primary_queue_host": "kmzappstdev.queue.core.windows.net",
            "primary_table_endpoint": "https://kmzappstdev.table.core.windows.net/",
            "primary_table_host": "kmzappstdev.table.core.windows.net",
            "primary_web_endpoint": "https://kmzappstdev.z6.web.core.windows.net/",
            "primary_web_host": "kmzappstdev.z6.web.core.windows.net",
            "public_network_access_enabled": true,
            "queue_encryption_key_type": "Service",
            "queue_properties": [
              {
                "cors_rule": [],
                "hour_metrics": [
                  {
                    "enabled": true,
                    "include_apis": true,
                    "retention_policy_days": 7,
                    "version": "1.0"
                  }
                ],
                "logging": [
                  {
                    "delete": false,
                    "read": false,
                    "retention_policy_days": 0,
                    "version": "1.0",
                    "write": false
                  }
                ],
                "minute_metrics": [
                  {
                    "enabled": false,
                    "include_apis": false,
                    "retention_policy_days": 0,
                    "version": "1.0"
                  }
                ]
              }
            ],
            "resource_group_name": "kmz-app-rg-dev",
            "routing": [],
            "sas_policy": [],
            "secondary_access_key": "sDCBamDP3yVNQd4lz6OqO/e4pL0CDueI2YxlORmmOL2QpcniSRIY4yTJtkFMmR+t++w27OmMq6ah+ASt41jvbg==",
            "secondary_blob_connection_string": "",
            "secondary_blob_endpoint": null,
            "secondary_blob_host": null,
            "secondary_connection_string": "DefaultEndpointsProtocol=https;AccountName=kmzappstdev;AccountKey=sDCBamDP3yVNQd4lz6OqO/e4pL0CDueI2YxlORmmOL2QpcniSRIY4yTJtkFMmR+t++w27OmMq6ah+ASt41jvbg==;EndpointSuffix=core.windows.net",
            "secondary_dfs_endpoint": null,
            "secondary_dfs_host": null,
            "secondary_file_endpoint": null,
            "secondary_file_host": null,
            "secondary_location": "",
            "secondary_queue_endpoint": null,
            "secondary_queue_host": null,
            "secondary_table_endpoint": null,
            "secondary_table_host": null,
            "secondary_web_endpoint": null,
            "secondary_web_host": null,
            "sftp_enabled": false,
            "share_properties": [
              {
                "cors_rule": [],
                "retention_policy": [
                  {
                    "days": 7
                  }
                ],
                "smb": []
              }
            ],
            "shared_access_key_enabled": true,
            "static_website": [],
            "table_encryption_key_type": "Service",
            "tags": null,
            "timeouts": null
          },
          "sensitive_attributes": [],
          "private": "eyJlMmJmYjczMC1lY2FhLTExZTYtOGY4OC0zNDM2M2JjN2M0YzAiOnsiY3JlYXRlIjozNjAwMDAwMDAwMDAwLCJkZWxldGUiOjM2MDAwMDAwMDAwMDAsInJlYWQiOjMwMDAwMDAwMDAwMCwidXBkYXRlIjozNjAwMDAwMDAwMDAwfSwic2NoZW1hX3ZlcnNpb24iOiI0In0=",
          "dependencies": [
            "azurerm_resource_group.rg",
            "module.naming.random_string.first_letter",
            "module.naming.random_string.main"
          ]
        }
      ]
    },
    {
      "module": "module.naming",
      "mode": "managed",
      "type": "random_string",
      "name": "first_letter",
      "provider": "provider[\"registry.terraform.io/hashicorp/random\"]",
      "instances": [
        {
          "schema_version": 2,
          "attributes": {
            "id": "g",
            "keepers": null,
            "length": 1,
            "lower": true,
            "min_lower": 0,
            "min_numeric": 0,
            "min_special": 0,
            "min_upper": 0,
            "number": false,
            "numeric": false,
            "override_special": null,
            "result": "g",
            "special": false,
            "upper": false
          },
          "sensitive_attributes": []
        }
      ]
    },
    {
      "module": "module.naming",
      "mode": "managed",
      "type": "random_string",
      "name": "main",
      "provider": "provider[\"registry.terraform.io/hashicorp/random\"]",
      "instances": [
        {
          "schema_version": 2,
          "attributes": {
            "id": "56gw78j77fvbvcjmrkrvkd8vstc7pd3lm20pgxz9j2gojnxfexn4zqn298b0",
            "keepers": null,
            "length": 60,
            "lower": true,
            "min_lower": 0,
            "min_numeric": 0,
            "min_special": 0,
            "min_upper": 0,
            "number": true,
            "numeric": true,
            "override_special": null,
            "result": "56gw78j77fvbvcjmrkrvkd8vstc7pd3lm20pgxz9j2gojnxfexn4zqn298b0",
            "special": false,
            "upper": false
          },
          "sensitive_attributes": []
        }
      ]
    }
  ],
  "check_results": null
}
