{
  "version": 4,
  "terraform_version": "1.5.7",
  "serial": 3,
  "lineage": "31819f17-2246-6af4-a424-bceb1a313c61",
  "outputs": {},
  "resources": [
    {
      "mode": "data",
      "type": "azurerm_resource_group",
      "name": "dev_rg",
      "provider": "provider[\"registry.terraform.io/hashicorp/azurerm\"]",
      "instances": [
        {
          "schema_version": 0,
          "attributes": {
            "id": "/subscriptions/f81e70a7-e819-49b2-a980-8e9c433743dd/resourceGroups/rg-kamz-tf2",
            "location": "westeurope",
            "managed_by": "",
            "name": "rg-kamz-tf2",
            "tags": {},
            "timeouts": null
          },
          "sensitive_attributes": []
        }
      ]
    },
    {
      "mode": "managed",
      "type": "azurerm_container_registry",
      "name": "acr",
      "provider": "provider[\"registry.terraform.io/hashicorp/azurerm\"]",
      "instances": [
        {
          "schema_version": 2,
          "attributes": {
            "admin_enabled": true,
            "admin_password": "elH4o0CP9PAbABXAz0gYo6qEzypiLrC4/8/qz0HkV++ACRAAxFyV",
            "admin_username": "acrkamztf",
            "anonymous_pull_enabled": false,
            "data_endpoint_enabled": false,
            "encryption": [
              {
                "enabled": false,
                "identity_client_id": "",
                "key_vault_key_id": ""
              }
            ],
            "export_policy_enabled": true,
            "georeplications": [],
            "id": "/subscriptions/f81e70a7-e819-49b2-a980-8e9c433743dd/resourceGroups/rg-kamz-tf2/providers/Microsoft.ContainerRegistry/registries/acrkamztf",
            "identity": [],
            "location": "westeurope",
            "login_server": "acrkamztf.azurecr.io",
            "name": "acrkamztf",
            "network_rule_bypass_option": "AzureServices",
            "network_rule_set": [],
            "public_network_access_enabled": true,
            "quarantine_policy_enabled": false,
            "resource_group_name": "rg-kamz-tf2",
            "retention_policy": [
              {
                "days": 7,
                "enabled": false
              }
            ],
            "sku": "Basic",
            "tags": {
              "cost-center": "12345",
              "environment": "Dev",
              "project": "Szkolenie Terraform"
            },
            "timeouts": null,
            "trust_policy": [
              {
                "enabled": false
              }
            ],
            "zone_redundancy_enabled": false
          },
          "sensitive_attributes": [],
          "private": "eyJlMmJmYjczMC1lY2FhLTExZTYtOGY4OC0zNDM2M2JjN2M0YzAiOnsiY3JlYXRlIjoxODAwMDAwMDAwMDAwLCJkZWxldGUiOjE4MDAwMDAwMDAwMDAsInJlYWQiOjMwMDAwMDAwMDAwMCwidXBkYXRlIjoxODAwMDAwMDAwMDAwfSwic2NoZW1hX3ZlcnNpb24iOiIyIn0=",
          "dependencies": [
            "data.azurerm_resource_group.dev_rg"
          ]
        }
      ]
    }
  ],
  "check_results": null
}
